// !$*UTF8*$!
{
	archiveVersion = 1;
	classes = {
	};
	objectVersion = 56;
	objects = {

/* Begin PBXBuildFile section */
		4D59B8D52AC2E8DD002A00B6 /* Experement26App.swift in Sources */ = {isa = PBXBuildFile; fileRef = 4D59B8D42AC2E8DD002A00B6 /* Experement26App.swift */; };
		4D59B8D72AC2E8ED002A00B6 /* Experement26.swift in Sources */ = {isa = PBXBuildFile; fileRef = 4D59B8D62AC2E8ED002A00B6 /* Experement26.swift */; };
		4D59B8D92AC2E8FD002A00B6 /* DataController26.swift in Sources */ = {isa = PBXBuildFile; fileRef = 4D59B8D82AC2E8FD002A00B6 /* DataController26.swift */; };
		4D59B8DC2AC2E926002A00B6 /* Experement26.xcdatamodeld in Sources */ = {isa = PBXBuildFile; fileRef = 4D59B8DA2AC2E926002A00B6 /* Experement26.xcdatamodeld */; };
		4D59B8E12AC2EB13002A00B6 /* Candy+CoreDataClass.swift in Sources */ = {isa = PBXBuildFile; fileRef = 4D59B8DD2AC2EB13002A00B6 /* Candy+CoreDataClass.swift */; };
		4D59B8E22AC2EB13002A00B6 /* Candy+CoreDataProperties.swift in Sources */ = {isa = PBXBuildFile; fileRef = 4D59B8DE2AC2EB13002A00B6 /* Candy+CoreDataProperties.swift */; };
		4D59B8E32AC2EB13002A00B6 /* Country+CoreDataClass.swift in Sources */ = {isa = PBXBuildFile; fileRef = 4D59B8DF2AC2EB13002A00B6 /* Country+CoreDataClass.swift */; };
		4D59B8E42AC2EB13002A00B6 /* Country+CoreDataProperties.swift in Sources */ = {isa = PBXBuildFile; fileRef = 4D59B8E02AC2EB13002A00B6 /* Country+CoreDataProperties.swift */; };
		4D59B8E62AC435BB002A00B6 /* Experement27.swift in Sources */ = {isa = PBXBuildFile; fileRef = 4D59B8E52AC435BB002A00B6 /* Experement27.swift */; };
		4D59B8E82AC45331002A00B6 /* Experement28.swift in Sources */ = {isa = PBXBuildFile; fileRef = 4D59B8E72AC45331002A00B6 /* Experement28.swift */; };
		4D59B8EA2AC46012002A00B6 /* Experement29.swift in Sources */ = {isa = PBXBuildFile; fileRef = 4D59B8E92AC46012002A00B6 /* Experement29.swift */; };
		4D59B8ED2AC461CF002A00B6 /* ImagePicker.swift in Sources */ = {isa = PBXBuildFile; fileRef = 4D59B8EC2AC461CF002A00B6 /* ImagePicker.swift */; };
		4D59B8EF2AC484AE002A00B6 /* ImageSaver.swift in Sources */ = {isa = PBXBuildFile; fileRef = 4D59B8EE2AC484AE002A00B6 /* ImageSaver.swift */; };
		4DF1A67A2AB8C91400E9D399 /* ExperenemtSwiftUIApp.swift in Sources */ = {isa = PBXBuildFile; fileRef = 4DF1A6792AB8C91400E9D399 /* ExperenemtSwiftUIApp.swift */; };
		4DF1A67C2AB8C91400E9D399 /* Experement.swift in Sources */ = {isa = PBXBuildFile; fileRef = 4DF1A67B2AB8C91400E9D399 /* Experement.swift */; };
		4DF1A67E2AB8C91500E9D399 /* Assets.xcassets in Resources */ = {isa = PBXBuildFile; fileRef = 4DF1A67D2AB8C91500E9D399 /* Assets.xcassets */; };
		4DF1A6812AB8C91500E9D399 /* Preview Assets.xcassets in Resources */ = {isa = PBXBuildFile; fileRef = 4DF1A6802AB8C91500E9D399 /* Preview Assets.xcassets */; };
		4DF1A68A2AB8C98A00E9D399 /* Experement2.swift in Sources */ = {isa = PBXBuildFile; fileRef = 4DF1A6892AB8C98A00E9D399 /* Experement2.swift */; };
		4DF1A68C2AB8C9F900E9D399 /* Experement3.swift in Sources */ = {isa = PBXBuildFile; fileRef = 4DF1A68B2AB8C9F900E9D399 /* Experement3.swift */; };
		4DF1A68E2AB8CA7000E9D399 /* Experement4.swift in Sources */ = {isa = PBXBuildFile; fileRef = 4DF1A68D2AB8CA7000E9D399 /* Experement4.swift */; };
		4DF1A6902AB8CB4700E9D399 /* Experement5.swift in Sources */ = {isa = PBXBuildFile; fileRef = 4DF1A68F2AB8CB4700E9D399 /* Experement5.swift */; };
		4DF1A6922AB8CB7700E9D399 /* Experement6.swift in Sources */ = {isa = PBXBuildFile; fileRef = 4DF1A6912AB8CB7700E9D399 /* Experement6.swift */; };
		4DF1A6942AB8CBBB00E9D399 /* Experement7.swift in Sources */ = {isa = PBXBuildFile; fileRef = 4DF1A6932AB8CBBB00E9D399 /* Experement7.swift */; };
		4DF1A6972AB8CC0500E9D399 /* ExpenseItem.swift in Sources */ = {isa = PBXBuildFile; fileRef = 4DF1A6962AB8CC0500E9D399 /* ExpenseItem.swift */; };
		4DF1A6992AB8CC2400E9D399 /* Expenses.swift in Sources */ = {isa = PBXBuildFile; fileRef = 4DF1A6982AB8CC2400E9D399 /* Expenses.swift */; };
		4DF1A69B2AB8CC7800E9D399 /* AddView.swift in Sources */ = {isa = PBXBuildFile; fileRef = 4DF1A69A2AB8CC7800E9D399 /* AddView.swift */; };
		4DF1A69D2AB8CCB000E9D399 /* GeneralView.swift in Sources */ = {isa = PBXBuildFile; fileRef = 4DF1A69C2AB8CCB000E9D399 /* GeneralView.swift */; };
		4DF1A69F2AB8D28400E9D399 /* ExpenseSection.swift in Sources */ = {isa = PBXBuildFile; fileRef = 4DF1A69E2AB8D28400E9D399 /* ExpenseSection.swift */; };
		4DF1A6A12AB8DF2F00E9D399 /* Experement9.swift in Sources */ = {isa = PBXBuildFile; fileRef = 4DF1A6A02AB8DF2F00E9D399 /* Experement9.swift */; };
		4DF1A6A42AB9F5FD00E9D399 /* Experement10.swift in Sources */ = {isa = PBXBuildFile; fileRef = 4DF1A6A32AB9F5FD00E9D399 /* Experement10.swift */; };
		4DF1A6A62AB9F82D00E9D399 /* Experement11.swift in Sources */ = {isa = PBXBuildFile; fileRef = 4DF1A6A52AB9F82D00E9D399 /* Experement11.swift */; };
		4DF1A6B02AB9FCC600E9D399 /* Experement12.swift in Sources */ = {isa = PBXBuildFile; fileRef = 4DF1A6AF2AB9FCC600E9D399 /* Experement12.swift */; };
		4DF1A6B22AB9FF9E00E9D399 /* Experement13.swift in Sources */ = {isa = PBXBuildFile; fileRef = 4DF1A6B12AB9FF9E00E9D399 /* Experement13.swift */; };
		4DF1A6B62ABA017F00E9D399 /* Experement14.swift in Sources */ = {isa = PBXBuildFile; fileRef = 4DF1A6B52ABA017F00E9D399 /* Experement14.swift */; };
		4DF1A6B82ABA03C700E9D399 /* Experement15.swift in Sources */ = {isa = PBXBuildFile; fileRef = 4DF1A6B72ABA03C700E9D399 /* Experement15.swift */; };
		4DF1A6BA2ABA08D900E9D399 /* Experement16.swift in Sources */ = {isa = PBXBuildFile; fileRef = 4DF1A6B92ABA08D900E9D399 /* Experement16.swift */; };
		4DF1A6BD2ABB0B6E00E9D399 /* Experement17.swift in Sources */ = {isa = PBXBuildFile; fileRef = 4DF1A6BC2ABB0B6E00E9D399 /* Experement17.swift */; };
		4DF1A6BF2ABB106B00E9D399 /* Experement18.swift in Sources */ = {isa = PBXBuildFile; fileRef = 4DF1A6BE2ABB106B00E9D399 /* Experement18.swift */; };
		4DF1A6C22ABB113A00E9D399 /* Order.swift in Sources */ = {isa = PBXBuildFile; fileRef = 4DF1A6C12ABB113A00E9D399 /* Order.swift */; };
		4DF1A6C42ABB11B600E9D399 /* GeneralView19.swift in Sources */ = {isa = PBXBuildFile; fileRef = 4DF1A6C32ABB11B600E9D399 /* GeneralView19.swift */; };
		4DF1A6C62ABB11DE00E9D399 /* AddressView.swift in Sources */ = {isa = PBXBuildFile; fileRef = 4DF1A6C52ABB11DE00E9D399 /* AddressView.swift */; };
		4DF1A6C82ABB12D300E9D399 /* CheckoutView.swift in Sources */ = {isa = PBXBuildFile; fileRef = 4DF1A6C72ABB12D300E9D399 /* CheckoutView.swift */; };
		4DF1A6CA2ABB224800E9D399 /* ExtentionString.swift in Sources */ = {isa = PBXBuildFile; fileRef = 4DF1A6C92ABB224700E9D399 /* ExtentionString.swift */; };
		4DF1A6CC2ABB243600E9D399 /* SharedOrder.swift in Sources */ = {isa = PBXBuildFile; fileRef = 4DF1A6CB2ABB243600E9D399 /* SharedOrder.swift */; };
		4DF1A6CF2ABC852D00E9D399 /* GeneralView20v1.swift in Sources */ = {isa = PBXBuildFile; fileRef = 4DF1A6CE2ABC852D00E9D399 /* GeneralView20v1.swift */; };
		4DF1A6D22ABC87F600E9D399 /* Bookworm1.xcdatamodeld in Sources */ = {isa = PBXBuildFile; fileRef = 4DF1A6D02ABC87F600E9D399 /* Bookworm1.xcdatamodeld */; };
		4DF1A6D42ABC886400E9D399 /* DataController1.swift in Sources */ = {isa = PBXBuildFile; fileRef = 4DF1A6D32ABC886400E9D399 /* DataController1.swift */; };
		4DF1A6D62ABC88C400E9D399 /* BookwormApp1.swift in Sources */ = {isa = PBXBuildFile; fileRef = 4DF1A6D52ABC88C400E9D399 /* BookwormApp1.swift */; };
		4DF1A6D82ABC8A4400E9D399 /* Experement21.swift in Sources */ = {isa = PBXBuildFile; fileRef = 4DF1A6D72ABC8A4400E9D399 /* Experement21.swift */; };
		4DF1A6DB2ABC8C0B00E9D399 /* BookwormAPP.swift in Sources */ = {isa = PBXBuildFile; fileRef = 4DF1A6DA2ABC8C0B00E9D399 /* BookwormAPP.swift */; };
		4DF1A6DD2ABC8C4400E9D399 /* GeneralView22.swift in Sources */ = {isa = PBXBuildFile; fileRef = 4DF1A6DC2ABC8C4400E9D399 /* GeneralView22.swift */; };
		4DF1A6DF2ABC8C8700E9D399 /* DataController.swift in Sources */ = {isa = PBXBuildFile; fileRef = 4DF1A6DE2ABC8C8700E9D399 /* DataController.swift */; };
		4DF1A6E22ABC8CE600E9D399 /* Bookworm.xcdatamodeld in Sources */ = {isa = PBXBuildFile; fileRef = 4DF1A6E02ABC8CE600E9D399 /* Bookworm.xcdatamodeld */; };
		4DF1A6E42ABC8DC100E9D399 /* AddBookView.swift in Sources */ = {isa = PBXBuildFile; fileRef = 4DF1A6E32ABC8DC100E9D399 /* AddBookView.swift */; };
		4DF1A6E62ABC91FB00E9D399 /* RatingView.swift in Sources */ = {isa = PBXBuildFile; fileRef = 4DF1A6E52ABC91FB00E9D399 /* RatingView.swift */; };
		4DF1A6E82ABCA0C500E9D399 /* EmojiRatingView.swift in Sources */ = {isa = PBXBuildFile; fileRef = 4DF1A6E72ABCA0C500E9D399 /* EmojiRatingView.swift */; };
		4DF1A6EA2ABCAAD500E9D399 /* DetailView.swift in Sources */ = {isa = PBXBuildFile; fileRef = 4DF1A6E92ABCAAD500E9D399 /* DetailView.swift */; };
		4DF1A6EC2ABCAC7100E9D399 /* StringIsEmpty.swift in Sources */ = {isa = PBXBuildFile; fileRef = 4DF1A6EB2ABCAC7100E9D399 /* StringIsEmpty.swift */; };
		4DF1A6EF2AC19A6D00E9D399 /* Experement23.swift in Sources */ = {isa = PBXBuildFile; fileRef = 4DF1A6EE2AC19A6D00E9D399 /* Experement23.swift */; };
		4DF1A6F22AC19AA300E9D399 /* Experement23.xcdatamodeld in Sources */ = {isa = PBXBuildFile; fileRef = 4DF1A6F02AC19AA300E9D399 /* Experement23.xcdatamodeld */; };
		4DF1A6F52AC19B4200E9D399 /* Movie+CoreDataClass.swift in Sources */ = {isa = PBXBuildFile; fileRef = 4DF1A6F32AC19B4200E9D399 /* Movie+CoreDataClass.swift */; };
		4DF1A6F62AC19B4200E9D399 /* Movie+CoreDataProperties.swift in Sources */ = {isa = PBXBuildFile; fileRef = 4DF1A6F42AC19B4200E9D399 /* Movie+CoreDataProperties.swift */; };
		4DF1A6F82AC19EF900E9D399 /* DataController23.swift in Sources */ = {isa = PBXBuildFile; fileRef = 4DF1A6F72AC19EF900E9D399 /* DataController23.swift */; };
		4DF1A6FB2AC1A3E600E9D399 /* Experement23App.swift in Sources */ = {isa = PBXBuildFile; fileRef = 4DF1A6FA2AC1A3E600E9D399 /* Experement23App.swift */; };
		4DF1A6FD2AC1A98100E9D399 /* Experement24.swift in Sources */ = {isa = PBXBuildFile; fileRef = 4DF1A6FC2AC1A98100E9D399 /* Experement24.swift */; };
		4DF1A6FF2AC1A99500E9D399 /* DataController24.swift in Sources */ = {isa = PBXBuildFile; fileRef = 4DF1A6FE2AC1A99500E9D399 /* DataController24.swift */; };
		4DF1A7022AC1A9A900E9D399 /* Experement24.xcdatamodeld in Sources */ = {isa = PBXBuildFile; fileRef = 4DF1A7002AC1A9A900E9D399 /* Experement24.xcdatamodeld */; };
		4DF1A7042AC1AD3D00E9D399 /* Experement24App.swift in Sources */ = {isa = PBXBuildFile; fileRef = 4DF1A7032AC1AD3D00E9D399 /* Experement24App.swift */; };
		4DF1A7072AC1AF5000E9D399 /* Experement25.swift in Sources */ = {isa = PBXBuildFile; fileRef = 4DF1A7062AC1AF5000E9D399 /* Experement25.swift */; };
		4DF1A7092AC1AF5D00E9D399 /* Experement25App.swift in Sources */ = {isa = PBXBuildFile; fileRef = 4DF1A7082AC1AF5D00E9D399 /* Experement25App.swift */; };
		4DF1A70B2AC1AF6D00E9D399 /* DataController25.swift in Sources */ = {isa = PBXBuildFile; fileRef = 4DF1A70A2AC1AF6D00E9D399 /* DataController25.swift */; };
		4DF1A70E2AC1AF7900E9D399 /* Experement25.xcdatamodeld in Sources */ = {isa = PBXBuildFile; fileRef = 4DF1A70C2AC1AF7900E9D399 /* Experement25.xcdatamodeld */; };
		4DF1A7112AC1B03500E9D399 /* Singer+CoreDataClass.swift in Sources */ = {isa = PBXBuildFile; fileRef = 4DF1A70F2AC1B03500E9D399 /* Singer+CoreDataClass.swift */; };
		4DF1A7122AC1B03500E9D399 /* Singer+CoreDataProperties.swift in Sources */ = {isa = PBXBuildFile; fileRef = 4DF1A7102AC1B03500E9D399 /* Singer+CoreDataProperties.swift */; };
		4DF1A7142AC1B1CD00E9D399 /* FiltredList.swift in Sources */ = {isa = PBXBuildFile; fileRef = 4DF1A7132AC1B1CD00E9D399 /* FiltredList.swift */; };
/* End PBXBuildFile section */

/* Begin PBXFileReference section */
		4D59B8D42AC2E8DD002A00B6 /* Experement26App.swift */ = {isa = PBXFileReference; lastKnownFileType = sourcecode.swift; path = Experement26App.swift; sourceTree = "<group>"; };
		4D59B8D62AC2E8ED002A00B6 /* Experement26.swift */ = {isa = PBXFileReference; lastKnownFileType = sourcecode.swift; path = Experement26.swift; sourceTree = "<group>"; };
		4D59B8D82AC2E8FD002A00B6 /* DataController26.swift */ = {isa = PBXFileReference; lastKnownFileType = sourcecode.swift; path = DataController26.swift; sourceTree = "<group>"; };
		4D59B8DB2AC2E926002A00B6 /* Experement26.xcdatamodel */ = {isa = PBXFileReference; lastKnownFileType = wrapper.xcdatamodel; path = Experement26.xcdatamodel; sourceTree = "<group>"; };
		4D59B8DD2AC2EB13002A00B6 /* Candy+CoreDataClass.swift */ = {isa = PBXFileReference; lastKnownFileType = sourcecode.swift; path = "Candy+CoreDataClass.swift"; sourceTree = "<group>"; };
		4D59B8DE2AC2EB13002A00B6 /* Candy+CoreDataProperties.swift */ = {isa = PBXFileReference; lastKnownFileType = sourcecode.swift; path = "Candy+CoreDataProperties.swift"; sourceTree = "<group>"; };
		4D59B8DF2AC2EB13002A00B6 /* Country+CoreDataClass.swift */ = {isa = PBXFileReference; lastKnownFileType = sourcecode.swift; path = "Country+CoreDataClass.swift"; sourceTree = "<group>"; };
		4D59B8E02AC2EB13002A00B6 /* Country+CoreDataProperties.swift */ = {isa = PBXFileReference; lastKnownFileType = sourcecode.swift; path = "Country+CoreDataProperties.swift"; sourceTree = "<group>"; };
		4D59B8E52AC435BB002A00B6 /* Experement27.swift */ = {isa = PBXFileReference; lastKnownFileType = sourcecode.swift; path = Experement27.swift; sourceTree = "<group>"; };
		4D59B8E72AC45331002A00B6 /* Experement28.swift */ = {isa = PBXFileReference; lastKnownFileType = sourcecode.swift; path = Experement28.swift; sourceTree = "<group>"; };
		4D59B8E92AC46012002A00B6 /* Experement29.swift */ = {isa = PBXFileReference; lastKnownFileType = sourcecode.swift; path = Experement29.swift; sourceTree = "<group>"; };
		4D59B8EC2AC461CF002A00B6 /* ImagePicker.swift */ = {isa = PBXFileReference; lastKnownFileType = sourcecode.swift; path = ImagePicker.swift; sourceTree = "<group>"; };
		4D59B8EE2AC484AE002A00B6 /* ImageSaver.swift */ = {isa = PBXFileReference; lastKnownFileType = sourcecode.swift; path = ImageSaver.swift; sourceTree = "<group>"; };
		4DF1A6762AB8C91400E9D399 /* ExperenemtSwiftUI.app */ = {isa = PBXFileReference; explicitFileType = wrapper.application; includeInIndex = 0; path = ExperenemtSwiftUI.app; sourceTree = BUILT_PRODUCTS_DIR; };
		4DF1A6792AB8C91400E9D399 /* ExperenemtSwiftUIApp.swift */ = {isa = PBXFileReference; lastKnownFileType = sourcecode.swift; path = ExperenemtSwiftUIApp.swift; sourceTree = "<group>"; };
		4DF1A67B2AB8C91400E9D399 /* Experement.swift */ = {isa = PBXFileReference; lastKnownFileType = sourcecode.swift; path = Experement.swift; sourceTree = "<group>"; };
		4DF1A67D2AB8C91500E9D399 /* Assets.xcassets */ = {isa = PBXFileReference; lastKnownFileType = folder.assetcatalog; path = Assets.xcassets; sourceTree = "<group>"; };
		4DF1A6802AB8C91500E9D399 /* Preview Assets.xcassets */ = {isa = PBXFileReference; lastKnownFileType = folder.assetcatalog; path = "Preview Assets.xcassets"; sourceTree = "<group>"; };
		4DF1A6892AB8C98A00E9D399 /* Experement2.swift */ = {isa = PBXFileReference; lastKnownFileType = sourcecode.swift; path = Experement2.swift; sourceTree = "<group>"; };
		4DF1A68B2AB8C9F900E9D399 /* Experement3.swift */ = {isa = PBXFileReference; lastKnownFileType = sourcecode.swift; path = Experement3.swift; sourceTree = "<group>"; };
		4DF1A68D2AB8CA7000E9D399 /* Experement4.swift */ = {isa = PBXFileReference; lastKnownFileType = sourcecode.swift; path = Experement4.swift; sourceTree = "<group>"; };
		4DF1A68F2AB8CB4700E9D399 /* Experement5.swift */ = {isa = PBXFileReference; lastKnownFileType = sourcecode.swift; path = Experement5.swift; sourceTree = "<group>"; };
		4DF1A6912AB8CB7700E9D399 /* Experement6.swift */ = {isa = PBXFileReference; lastKnownFileType = sourcecode.swift; path = Experement6.swift; sourceTree = "<group>"; };
		4DF1A6932AB8CBBB00E9D399 /* Experement7.swift */ = {isa = PBXFileReference; lastKnownFileType = sourcecode.swift; path = Experement7.swift; sourceTree = "<group>"; };
		4DF1A6962AB8CC0500E9D399 /* ExpenseItem.swift */ = {isa = PBXFileReference; lastKnownFileType = sourcecode.swift; path = ExpenseItem.swift; sourceTree = "<group>"; };
		4DF1A6982AB8CC2400E9D399 /* Expenses.swift */ = {isa = PBXFileReference; lastKnownFileType = sourcecode.swift; path = Expenses.swift; sourceTree = "<group>"; };
		4DF1A69A2AB8CC7800E9D399 /* AddView.swift */ = {isa = PBXFileReference; lastKnownFileType = sourcecode.swift; path = AddView.swift; sourceTree = "<group>"; };
		4DF1A69C2AB8CCB000E9D399 /* GeneralView.swift */ = {isa = PBXFileReference; lastKnownFileType = sourcecode.swift; path = GeneralView.swift; sourceTree = "<group>"; };
		4DF1A69E2AB8D28400E9D399 /* ExpenseSection.swift */ = {isa = PBXFileReference; lastKnownFileType = sourcecode.swift; path = ExpenseSection.swift; sourceTree = "<group>"; };
		4DF1A6A02AB8DF2F00E9D399 /* Experement9.swift */ = {isa = PBXFileReference; lastKnownFileType = sourcecode.swift; path = Experement9.swift; sourceTree = "<group>"; };
		4DF1A6A32AB9F5FD00E9D399 /* Experement10.swift */ = {isa = PBXFileReference; lastKnownFileType = sourcecode.swift; path = Experement10.swift; sourceTree = "<group>"; };
		4DF1A6A52AB9F82D00E9D399 /* Experement11.swift */ = {isa = PBXFileReference; lastKnownFileType = sourcecode.swift; path = Experement11.swift; sourceTree = "<group>"; };
		4DF1A6AF2AB9FCC600E9D399 /* Experement12.swift */ = {isa = PBXFileReference; lastKnownFileType = sourcecode.swift; path = Experement12.swift; sourceTree = "<group>"; };
		4DF1A6B12AB9FF9E00E9D399 /* Experement13.swift */ = {isa = PBXFileReference; lastKnownFileType = sourcecode.swift; path = Experement13.swift; sourceTree = "<group>"; };
		4DF1A6B52ABA017F00E9D399 /* Experement14.swift */ = {isa = PBXFileReference; lastKnownFileType = sourcecode.swift; path = Experement14.swift; sourceTree = "<group>"; };
		4DF1A6B72ABA03C700E9D399 /* Experement15.swift */ = {isa = PBXFileReference; lastKnownFileType = sourcecode.swift; path = Experement15.swift; sourceTree = "<group>"; };
		4DF1A6B92ABA08D900E9D399 /* Experement16.swift */ = {isa = PBXFileReference; lastKnownFileType = sourcecode.swift; path = Experement16.swift; sourceTree = "<group>"; };
		4DF1A6BC2ABB0B6E00E9D399 /* Experement17.swift */ = {isa = PBXFileReference; lastKnownFileType = sourcecode.swift; path = Experement17.swift; sourceTree = "<group>"; };
		4DF1A6BE2ABB106B00E9D399 /* Experement18.swift */ = {isa = PBXFileReference; lastKnownFileType = sourcecode.swift; path = Experement18.swift; sourceTree = "<group>"; };
		4DF1A6C12ABB113A00E9D399 /* Order.swift */ = {isa = PBXFileReference; lastKnownFileType = sourcecode.swift; path = Order.swift; sourceTree = "<group>"; };
		4DF1A6C32ABB11B600E9D399 /* GeneralView19.swift */ = {isa = PBXFileReference; lastKnownFileType = sourcecode.swift; path = GeneralView19.swift; sourceTree = "<group>"; };
		4DF1A6C52ABB11DE00E9D399 /* AddressView.swift */ = {isa = PBXFileReference; lastKnownFileType = sourcecode.swift; path = AddressView.swift; sourceTree = "<group>"; };
		4DF1A6C72ABB12D300E9D399 /* CheckoutView.swift */ = {isa = PBXFileReference; lastKnownFileType = sourcecode.swift; path = CheckoutView.swift; sourceTree = "<group>"; };
		4DF1A6C92ABB224700E9D399 /* ExtentionString.swift */ = {isa = PBXFileReference; lastKnownFileType = sourcecode.swift; path = ExtentionString.swift; sourceTree = "<group>"; };
		4DF1A6CB2ABB243600E9D399 /* SharedOrder.swift */ = {isa = PBXFileReference; lastKnownFileType = sourcecode.swift; path = SharedOrder.swift; sourceTree = "<group>"; };
		4DF1A6CE2ABC852D00E9D399 /* GeneralView20v1.swift */ = {isa = PBXFileReference; lastKnownFileType = sourcecode.swift; path = GeneralView20v1.swift; sourceTree = "<group>"; };
		4DF1A6D12ABC87F600E9D399 /* Bookworm.xcdatamodel */ = {isa = PBXFileReference; lastKnownFileType = wrapper.xcdatamodel; path = Bookworm.xcdatamodel; sourceTree = "<group>"; };
		4DF1A6D32ABC886400E9D399 /* DataController1.swift */ = {isa = PBXFileReference; lastKnownFileType = sourcecode.swift; path = DataController1.swift; sourceTree = "<group>"; };
		4DF1A6D52ABC88C400E9D399 /* BookwormApp1.swift */ = {isa = PBXFileReference; lastKnownFileType = sourcecode.swift; path = BookwormApp1.swift; sourceTree = "<group>"; };
		4DF1A6D72ABC8A4400E9D399 /* Experement21.swift */ = {isa = PBXFileReference; lastKnownFileType = sourcecode.swift; path = Experement21.swift; sourceTree = "<group>"; };
		4DF1A6DA2ABC8C0B00E9D399 /* BookwormAPP.swift */ = {isa = PBXFileReference; lastKnownFileType = sourcecode.swift; path = BookwormAPP.swift; sourceTree = "<group>"; };
		4DF1A6DC2ABC8C4400E9D399 /* GeneralView22.swift */ = {isa = PBXFileReference; lastKnownFileType = sourcecode.swift; path = GeneralView22.swift; sourceTree = "<group>"; };
		4DF1A6DE2ABC8C8700E9D399 /* DataController.swift */ = {isa = PBXFileReference; lastKnownFileType = sourcecode.swift; path = DataController.swift; sourceTree = "<group>"; };
		4DF1A6E12ABC8CE600E9D399 /* Bookworm.xcdatamodel */ = {isa = PBXFileReference; lastKnownFileType = wrapper.xcdatamodel; path = Bookworm.xcdatamodel; sourceTree = "<group>"; };
		4DF1A6E32ABC8DC100E9D399 /* AddBookView.swift */ = {isa = PBXFileReference; lastKnownFileType = sourcecode.swift; path = AddBookView.swift; sourceTree = "<group>"; };
		4DF1A6E52ABC91FB00E9D399 /* RatingView.swift */ = {isa = PBXFileReference; lastKnownFileType = sourcecode.swift; path = RatingView.swift; sourceTree = "<group>"; };
		4DF1A6E72ABCA0C500E9D399 /* EmojiRatingView.swift */ = {isa = PBXFileReference; lastKnownFileType = sourcecode.swift; path = EmojiRatingView.swift; sourceTree = "<group>"; };
		4DF1A6E92ABCAAD500E9D399 /* DetailView.swift */ = {isa = PBXFileReference; lastKnownFileType = sourcecode.swift; path = DetailView.swift; sourceTree = "<group>"; };
		4DF1A6EB2ABCAC7100E9D399 /* StringIsEmpty.swift */ = {isa = PBXFileReference; lastKnownFileType = sourcecode.swift; path = StringIsEmpty.swift; sourceTree = "<group>"; };
		4DF1A6EE2AC19A6D00E9D399 /* Experement23.swift */ = {isa = PBXFileReference; lastKnownFileType = sourcecode.swift; path = Experement23.swift; sourceTree = "<group>"; };
		4DF1A6F12AC19AA300E9D399 /* Experement23.xcdatamodel */ = {isa = PBXFileReference; lastKnownFileType = wrapper.xcdatamodel; path = Experement23.xcdatamodel; sourceTree = "<group>"; };
		4DF1A6F32AC19B4200E9D399 /* Movie+CoreDataClass.swift */ = {isa = PBXFileReference; lastKnownFileType = sourcecode.swift; path = "Movie+CoreDataClass.swift"; sourceTree = SOURCE_ROOT; };
		4DF1A6F42AC19B4200E9D399 /* Movie+CoreDataProperties.swift */ = {isa = PBXFileReference; lastKnownFileType = sourcecode.swift; path = "Movie+CoreDataProperties.swift"; sourceTree = SOURCE_ROOT; };
		4DF1A6F72AC19EF900E9D399 /* DataController23.swift */ = {isa = PBXFileReference; lastKnownFileType = sourcecode.swift; path = DataController23.swift; sourceTree = "<group>"; };
		4DF1A6FA2AC1A3E600E9D399 /* Experement23App.swift */ = {isa = PBXFileReference; lastKnownFileType = sourcecode.swift; path = Experement23App.swift; sourceTree = "<group>"; };
		4DF1A6FC2AC1A98100E9D399 /* Experement24.swift */ = {isa = PBXFileReference; lastKnownFileType = sourcecode.swift; path = Experement24.swift; sourceTree = "<group>"; };
		4DF1A6FE2AC1A99500E9D399 /* DataController24.swift */ = {isa = PBXFileReference; lastKnownFileType = sourcecode.swift; path = DataController24.swift; sourceTree = "<group>"; };
		4DF1A7012AC1A9A900E9D399 /* Experement24.xcdatamodel */ = {isa = PBXFileReference; lastKnownFileType = wrapper.xcdatamodel; path = Experement24.xcdatamodel; sourceTree = "<group>"; };
		4DF1A7032AC1AD3D00E9D399 /* Experement24App.swift */ = {isa = PBXFileReference; lastKnownFileType = sourcecode.swift; path = Experement24App.swift; sourceTree = "<group>"; };
		4DF1A7062AC1AF5000E9D399 /* Experement25.swift */ = {isa = PBXFileReference; lastKnownFileType = sourcecode.swift; path = Experement25.swift; sourceTree = "<group>"; };
		4DF1A7082AC1AF5D00E9D399 /* Experement25App.swift */ = {isa = PBXFileReference; lastKnownFileType = sourcecode.swift; path = Experement25App.swift; sourceTree = "<group>"; };
		4DF1A70A2AC1AF6D00E9D399 /* DataController25.swift */ = {isa = PBXFileReference; lastKnownFileType = sourcecode.swift; path = DataController25.swift; sourceTree = "<group>"; };
		4DF1A70D2AC1AF7900E9D399 /* Experement25.xcdatamodel */ = {isa = PBXFileReference; lastKnownFileType = wrapper.xcdatamodel; path = Experement25.xcdatamodel; sourceTree = "<group>"; };
		4DF1A70F2AC1B03500E9D399 /* Singer+CoreDataClass.swift */ = {isa = PBXFileReference; lastKnownFileType = sourcecode.swift; path = "Singer+CoreDataClass.swift"; sourceTree = SOURCE_ROOT; };
		4DF1A7102AC1B03500E9D399 /* Singer+CoreDataProperties.swift */ = {isa = PBXFileReference; lastKnownFileType = sourcecode.swift; path = "Singer+CoreDataProperties.swift"; sourceTree = SOURCE_ROOT; };
		4DF1A7132AC1B1CD00E9D399 /* FiltredList.swift */ = {isa = PBXFileReference; lastKnownFileType = sourcecode.swift; path = FiltredList.swift; sourceTree = "<group>"; };
/* End PBXFileReference section */

/* Begin PBXFrameworksBuildPhase section */
		4DF1A6732AB8C91400E9D399 /* Frameworks */ = {
			isa = PBXFrameworksBuildPhase;
			buildActionMask = 2147483647;
			files = (
			);
			runOnlyForDeploymentPostprocessing = 0;
		};
/* End PBXFrameworksBuildPhase section */

/* Begin PBXGroup section */
		4D59B8D32AC2E8C2002A00B6 /* Experement26 */ = {
			isa = PBXGroup;
			children = (
				4D59B8D42AC2E8DD002A00B6 /* Experement26App.swift */,
				4D59B8D62AC2E8ED002A00B6 /* Experement26.swift */,
				4D59B8DD2AC2EB13002A00B6 /* Candy+CoreDataClass.swift */,
				4D59B8DE2AC2EB13002A00B6 /* Candy+CoreDataProperties.swift */,
				4D59B8DF2AC2EB13002A00B6 /* Country+CoreDataClass.swift */,
				4D59B8E02AC2EB13002A00B6 /* Country+CoreDataProperties.swift */,
				4D59B8DA2AC2E926002A00B6 /* Experement26.xcdatamodeld */,
				4D59B8D82AC2E8FD002A00B6 /* DataController26.swift */,
			);
			path = Experement26;
			sourceTree = "<group>";
		};
		4D59B8EB2AC461A9002A00B6 /* Exerement29 */ = {
			isa = PBXGroup;
			children = (
				4D59B8E92AC46012002A00B6 /* Experement29.swift */,
				4D59B8EC2AC461CF002A00B6 /* ImagePicker.swift */,
				4D59B8EE2AC484AE002A00B6 /* ImageSaver.swift */,
			);
			path = Exerement29;
			sourceTree = "<group>";
		};
		4DF1A66D2AB8C91400E9D399 = {
			isa = PBXGroup;
			children = (
				4DF1A6782AB8C91400E9D399 /* ExperenemtSwiftUI */,
				4DF1A6772AB8C91400E9D399 /* Products */,
			);
			sourceTree = "<group>";
		};
		4DF1A6772AB8C91400E9D399 /* Products */ = {
			isa = PBXGroup;
			children = (
				4DF1A6762AB8C91400E9D399 /* ExperenemtSwiftUI.app */,
			);
			name = Products;
			sourceTree = "<group>";
		};
		4DF1A6782AB8C91400E9D399 /* ExperenemtSwiftUI */ = {
			isa = PBXGroup;
			children = (
				4DF1A6792AB8C91400E9D399 /* ExperenemtSwiftUIApp.swift */,
				4DF1A67B2AB8C91400E9D399 /* Experement.swift */,
				4DF1A6892AB8C98A00E9D399 /* Experement2.swift */,
				4DF1A68B2AB8C9F900E9D399 /* Experement3.swift */,
				4DF1A68D2AB8CA7000E9D399 /* Experement4.swift */,
				4DF1A68F2AB8CB4700E9D399 /* Experement5.swift */,
				4DF1A6912AB8CB7700E9D399 /* Experement6.swift */,
				4DF1A6932AB8CBBB00E9D399 /* Experement7.swift */,
				4DF1A6952AB8CBF200E9D399 /* Experement8 */,
				4DF1A6A02AB8DF2F00E9D399 /* Experement9.swift */,
				4DF1A6A32AB9F5FD00E9D399 /* Experement10.swift */,
				4DF1A6A52AB9F82D00E9D399 /* Experement11.swift */,
				4DF1A6AF2AB9FCC600E9D399 /* Experement12.swift */,
				4DF1A6B12AB9FF9E00E9D399 /* Experement13.swift */,
				4DF1A6B52ABA017F00E9D399 /* Experement14.swift */,
				4DF1A6B72ABA03C700E9D399 /* Experement15.swift */,
				4DF1A6B92ABA08D900E9D399 /* Experement16.swift */,
				4DF1A6BC2ABB0B6E00E9D399 /* Experement17.swift */,
				4DF1A6BE2ABB106B00E9D399 /* Experement18.swift */,
				4DF1A6C02ABB112A00E9D399 /* Experement19 */,
				4DF1A6CD2ABC850700E9D399 /* Experement20 */,
				4DF1A6D72ABC8A4400E9D399 /* Experement21.swift */,
				4DF1A6D92ABC8BEA00E9D399 /* Experement22 */,
				4DF1A6ED2AC19A4600E9D399 /* Experement 23 */,
				4DF1A6F92AC1A11400E9D399 /* Experement24 */,
				4DF1A7052AC1AF3100E9D399 /* Experement25 */,
				4D59B8D32AC2E8C2002A00B6 /* Experement26 */,
				4D59B8E52AC435BB002A00B6 /* Experement27.swift */,
				4D59B8E72AC45331002A00B6 /* Experement28.swift */,
				4D59B8EB2AC461A9002A00B6 /* Exerement29 */,
				4DF1A67D2AB8C91500E9D399 /* Assets.xcassets */,
				4DF1A67F2AB8C91500E9D399 /* Preview Content */,
			);
			path = ExperenemtSwiftUI;
			sourceTree = "<group>";
		};
		4DF1A67F2AB8C91500E9D399 /* Preview Content */ = {
			isa = PBXGroup;
			children = (
				4DF1A6802AB8C91500E9D399 /* Preview Assets.xcassets */,
			);
			path = "Preview Content";
			sourceTree = "<group>";
		};
		4DF1A6952AB8CBF200E9D399 /* Experement8 */ = {
			isa = PBXGroup;
			children = (
				4DF1A6962AB8CC0500E9D399 /* ExpenseItem.swift */,
				4DF1A6982AB8CC2400E9D399 /* Expenses.swift */,
				4DF1A69E2AB8D28400E9D399 /* ExpenseSection.swift */,
				4DF1A69A2AB8CC7800E9D399 /* AddView.swift */,
				4DF1A69C2AB8CCB000E9D399 /* GeneralView.swift */,
			);
			path = Experement8;
			sourceTree = "<group>";
		};
		4DF1A6C02ABB112A00E9D399 /* Experement19 */ = {
			isa = PBXGroup;
			children = (
				4DF1A6C12ABB113A00E9D399 /* Order.swift */,
				4DF1A6CB2ABB243600E9D399 /* SharedOrder.swift */,
				4DF1A6C52ABB11DE00E9D399 /* AddressView.swift */,
				4DF1A6C72ABB12D300E9D399 /* CheckoutView.swift */,
				4DF1A6C92ABB224700E9D399 /* ExtentionString.swift */,
				4DF1A6C32ABB11B600E9D399 /* GeneralView19.swift */,
			);
			path = Experement19;
			sourceTree = "<group>";
		};
		4DF1A6CD2ABC850700E9D399 /* Experement20 */ = {
			isa = PBXGroup;
			children = (
				4DF1A6D52ABC88C400E9D399 /* BookwormApp1.swift */,
				4DF1A6CE2ABC852D00E9D399 /* GeneralView20v1.swift */,
				4DF1A6D02ABC87F600E9D399 /* Bookworm1.xcdatamodeld */,
				4DF1A6D32ABC886400E9D399 /* DataController1.swift */,
			);
			path = Experement20;
			sourceTree = "<group>";
		};
		4DF1A6D92ABC8BEA00E9D399 /* Experement22 */ = {
			isa = PBXGroup;
			children = (
				4DF1A6DA2ABC8C0B00E9D399 /* BookwormAPP.swift */,
				4DF1A6E32ABC8DC100E9D399 /* AddBookView.swift */,
				4DF1A6E52ABC91FB00E9D399 /* RatingView.swift */,
				4DF1A6E72ABCA0C500E9D399 /* EmojiRatingView.swift */,
				4DF1A6DC2ABC8C4400E9D399 /* GeneralView22.swift */,
				4DF1A6E92ABCAAD500E9D399 /* DetailView.swift */,
				4DF1A6E02ABC8CE600E9D399 /* Bookworm.xcdatamodeld */,
				4DF1A6DE2ABC8C8700E9D399 /* DataController.swift */,
				4DF1A6EB2ABCAC7100E9D399 /* StringIsEmpty.swift */,
			);
			path = Experement22;
			sourceTree = "<group>";
		};
		4DF1A6ED2AC19A4600E9D399 /* Experement 23 */ = {
			isa = PBXGroup;
			children = (
				4DF1A6FA2AC1A3E600E9D399 /* Experement23App.swift */,
				4DF1A6F32AC19B4200E9D399 /* Movie+CoreDataClass.swift */,
				4DF1A6F42AC19B4200E9D399 /* Movie+CoreDataProperties.swift */,
				4DF1A6EE2AC19A6D00E9D399 /* Experement23.swift */,
				4DF1A6F02AC19AA300E9D399 /* Experement23.xcdatamodeld */,
				4DF1A6F72AC19EF900E9D399 /* DataController23.swift */,
			);
			path = "Experement 23";
			sourceTree = "<group>";
		};
		4DF1A6F92AC1A11400E9D399 /* Experement24 */ = {
			isa = PBXGroup;
			children = (
				4DF1A7032AC1AD3D00E9D399 /* Experement24App.swift */,
				4DF1A6FC2AC1A98100E9D399 /* Experement24.swift */,
				4DF1A7002AC1A9A900E9D399 /* Experement24.xcdatamodeld */,
				4DF1A6FE2AC1A99500E9D399 /* DataController24.swift */,
			);
			path = Experement24;
			sourceTree = "<group>";
		};
		4DF1A7052AC1AF3100E9D399 /* Experement25 */ = {
			isa = PBXGroup;
			children = (
				4DF1A7082AC1AF5D00E9D399 /* Experement25App.swift */,
				4DF1A70F2AC1B03500E9D399 /* Singer+CoreDataClass.swift */,
				4DF1A7102AC1B03500E9D399 /* Singer+CoreDataProperties.swift */,
				4DF1A7062AC1AF5000E9D399 /* Experement25.swift */,
				4DF1A7132AC1B1CD00E9D399 /* FiltredList.swift */,
				4DF1A70C2AC1AF7900E9D399 /* Experement25.xcdatamodeld */,
				4DF1A70A2AC1AF6D00E9D399 /* DataController25.swift */,
			);
			path = Experement25;
			sourceTree = "<group>";
		};
/* End PBXGroup section */

/* Begin PBXNativeTarget section */
		4DF1A6752AB8C91400E9D399 /* ExperenemtSwiftUI */ = {
			isa = PBXNativeTarget;
			buildConfigurationList = 4DF1A6842AB8C91500E9D399 /* Build configuration list for PBXNativeTarget "ExperenemtSwiftUI" */;
			buildPhases = (
				4DF1A6722AB8C91400E9D399 /* Sources */,
				4DF1A6732AB8C91400E9D399 /* Frameworks */,
				4DF1A6742AB8C91400E9D399 /* Resources */,
			);
			buildRules = (
			);
			dependencies = (
			);
			name = ExperenemtSwiftUI;
			productName = ExperenemtSwiftUI;
			productReference = 4DF1A6762AB8C91400E9D399 /* ExperenemtSwiftUI.app */;
			productType = "com.apple.product-type.application";
		};
/* End PBXNativeTarget section */

/* Begin PBXProject section */
		4DF1A66E2AB8C91400E9D399 /* Project object */ = {
			isa = PBXProject;
			attributes = {
				BuildIndependentTargetsInParallel = 1;
				LastSwiftUpdateCheck = 1430;
				LastUpgradeCheck = 1430;
				TargetAttributes = {
					4DF1A6752AB8C91400E9D399 = {
						CreatedOnToolsVersion = 14.3;
					};
				};
			};
			buildConfigurationList = 4DF1A6712AB8C91400E9D399 /* Build configuration list for PBXProject "ExperenemtSwiftUI" */;
			compatibilityVersion = "Xcode 14.0";
			developmentRegion = en;
			hasScannedForEncodings = 0;
			knownRegions = (
				en,
				Base,
			);
			mainGroup = 4DF1A66D2AB8C91400E9D399;
			productRefGroup = 4DF1A6772AB8C91400E9D399 /* Products */;
			projectDirPath = "";
			projectRoot = "";
			targets = (
				4DF1A6752AB8C91400E9D399 /* ExperenemtSwiftUI */,
			);
		};
/* End PBXProject section */

/* Begin PBXResourcesBuildPhase section */
		4DF1A6742AB8C91400E9D399 /* Resources */ = {
			isa = PBXResourcesBuildPhase;
			buildActionMask = 2147483647;
			files = (
				4DF1A6812AB8C91500E9D399 /* Preview Assets.xcassets in Resources */,
				4DF1A67E2AB8C91500E9D399 /* Assets.xcassets in Resources */,
			);
			runOnlyForDeploymentPostprocessing = 0;
		};
/* End PBXResourcesBuildPhase section */

/* Begin PBXSourcesBuildPhase section */
		4DF1A6722AB8C91400E9D399 /* Sources */ = {
			isa = PBXSourcesBuildPhase;
			buildActionMask = 2147483647;
			files = (
				4DF1A6B82ABA03C700E9D399 /* Experement15.swift in Sources */,
				4DF1A6992AB8CC2400E9D399 /* Expenses.swift in Sources */,
				4DF1A6BD2ABB0B6E00E9D399 /* Experement17.swift in Sources */,
				4DF1A6E62ABC91FB00E9D399 /* RatingView.swift in Sources */,
				4DF1A6922AB8CB7700E9D399 /* Experement6.swift in Sources */,
				4DF1A6902AB8CB4700E9D399 /* Experement5.swift in Sources */,
				4D59B8E62AC435BB002A00B6 /* Experement27.swift in Sources */,
				4DF1A6D22ABC87F600E9D399 /* Bookworm1.xcdatamodeld in Sources */,
				4D59B8EF2AC484AE002A00B6 /* ImageSaver.swift in Sources */,
				4DF1A7122AC1B03500E9D399 /* Singer+CoreDataProperties.swift in Sources */,
				4DF1A6F22AC19AA300E9D399 /* Experement23.xcdatamodeld in Sources */,
				4DF1A6F62AC19B4200E9D399 /* Movie+CoreDataProperties.swift in Sources */,
				4DF1A6CA2ABB224800E9D399 /* ExtentionString.swift in Sources */,
				4DF1A68C2AB8C9F900E9D399 /* Experement3.swift in Sources */,
				4DF1A67C2AB8C91400E9D399 /* Experement.swift in Sources */,
				4DF1A6972AB8CC0500E9D399 /* ExpenseItem.swift in Sources */,
				4DF1A6C82ABB12D300E9D399 /* CheckoutView.swift in Sources */,
				4D59B8EA2AC46012002A00B6 /* Experement29.swift in Sources */,
				4DF1A70B2AC1AF6D00E9D399 /* DataController25.swift in Sources */,
				4DF1A6E22ABC8CE600E9D399 /* Bookworm.xcdatamodeld in Sources */,
				4DF1A6A12AB8DF2F00E9D399 /* Experement9.swift in Sources */,
				4DF1A6CF2ABC852D00E9D399 /* GeneralView20v1.swift in Sources */,
				4D59B8ED2AC461CF002A00B6 /* ImagePicker.swift in Sources */,
				4DF1A6D42ABC886400E9D399 /* DataController1.swift in Sources */,
				4DF1A7092AC1AF5D00E9D399 /* Experement25App.swift in Sources */,
				4DF1A6BF2ABB106B00E9D399 /* Experement18.swift in Sources */,
				4DF1A6FB2AC1A3E600E9D399 /* Experement23App.swift in Sources */,
				4DF1A69B2AB8CC7800E9D399 /* AddView.swift in Sources */,
				4DF1A6DB2ABC8C0B00E9D399 /* BookwormAPP.swift in Sources */,
				4DF1A68E2AB8CA7000E9D399 /* Experement4.swift in Sources */,
				4DF1A6EC2ABCAC7100E9D399 /* StringIsEmpty.swift in Sources */,
				4DF1A6B62ABA017F00E9D399 /* Experement14.swift in Sources */,
				4DF1A7042AC1AD3D00E9D399 /* Experement24App.swift in Sources */,
				4DF1A6DD2ABC8C4400E9D399 /* GeneralView22.swift in Sources */,
				4D59B8D52AC2E8DD002A00B6 /* Experement26App.swift in Sources */,
				4D59B8E32AC2EB13002A00B6 /* Country+CoreDataClass.swift in Sources */,
				4DF1A6C62ABB11DE00E9D399 /* AddressView.swift in Sources */,
				4DF1A68A2AB8C98A00E9D399 /* Experement2.swift in Sources */,
				4DF1A6E82ABCA0C500E9D399 /* EmojiRatingView.swift in Sources */,
				4DF1A6D62ABC88C400E9D399 /* BookwormApp1.swift in Sources */,
				4DF1A6C42ABB11B600E9D399 /* GeneralView19.swift in Sources */,
				4DF1A6B22AB9FF9E00E9D399 /* Experement13.swift in Sources */,
				4D59B8D92AC2E8FD002A00B6 /* DataController26.swift in Sources */,
				4DF1A7072AC1AF5000E9D399 /* Experement25.swift in Sources */,
				4DF1A7022AC1A9A900E9D399 /* Experement24.xcdatamodeld in Sources */,
				4DF1A7112AC1B03500E9D399 /* Singer+CoreDataClass.swift in Sources */,
				4DF1A69D2AB8CCB000E9D399 /* GeneralView.swift in Sources */,
				4DF1A6A42AB9F5FD00E9D399 /* Experement10.swift in Sources */,
				4D59B8D72AC2E8ED002A00B6 /* Experement26.swift in Sources */,
				4DF1A6FD2AC1A98100E9D399 /* Experement24.swift in Sources */,
				4DF1A7142AC1B1CD00E9D399 /* FiltredList.swift in Sources */,
				4D59B8E12AC2EB13002A00B6 /* Candy+CoreDataClass.swift in Sources */,
				4DF1A6F52AC19B4200E9D399 /* Movie+CoreDataClass.swift in Sources */,
				4DF1A6D82ABC8A4400E9D399 /* Experement21.swift in Sources */,
				4DF1A6EA2ABCAAD500E9D399 /* DetailView.swift in Sources */,
				4DF1A6F82AC19EF900E9D399 /* DataController23.swift in Sources */,
				4DF1A6A62AB9F82D00E9D399 /* Experement11.swift in Sources */,
				4D59B8E82AC45331002A00B6 /* Experement28.swift in Sources */,
				4DF1A6C22ABB113A00E9D399 /* Order.swift in Sources */,
				4DF1A6E42ABC8DC100E9D399 /* AddBookView.swift in Sources */,
				4DF1A6BA2ABA08D900E9D399 /* Experement16.swift in Sources */,
				4D59B8DC2AC2E926002A00B6 /* Experement26.xcdatamodeld in Sources */,
				4DF1A6CC2ABB243600E9D399 /* SharedOrder.swift in Sources */,
				4D59B8E22AC2EB13002A00B6 /* Candy+CoreDataProperties.swift in Sources */,
				4DF1A6B02AB9FCC600E9D399 /* Experement12.swift in Sources */,
				4D59B8E42AC2EB13002A00B6 /* Country+CoreDataProperties.swift in Sources */,
				4DF1A6DF2ABC8C8700E9D399 /* DataController.swift in Sources */,
				4DF1A67A2AB8C91400E9D399 /* ExperenemtSwiftUIApp.swift in Sources */,
				4DF1A69F2AB8D28400E9D399 /* ExpenseSection.swift in Sources */,
				4DF1A70E2AC1AF7900E9D399 /* Experement25.xcdatamodeld in Sources */,
				4DF1A6942AB8CBBB00E9D399 /* Experement7.swift in Sources */,
				4DF1A6EF2AC19A6D00E9D399 /* Experement23.swift in Sources */,
				4DF1A6FF2AC1A99500E9D399 /* DataController24.swift in Sources */,
			);
			runOnlyForDeploymentPostprocessing = 0;
		};
/* End PBXSourcesBuildPhase section */

/* Begin XCBuildConfiguration section */
		4DF1A6822AB8C91500E9D399 /* Debug */ = {
			isa = XCBuildConfiguration;
			buildSettings = {
				ALWAYS_SEARCH_USER_PATHS = NO;
				CLANG_ANALYZER_NONNULL = YES;
				CLANG_ANALYZER_NUMBER_OBJECT_CONVERSION = YES_AGGRESSIVE;
				CLANG_CXX_LANGUAGE_STANDARD = "gnu++20";
				CLANG_ENABLE_MODULES = YES;
				CLANG_ENABLE_OBJC_ARC = YES;
				CLANG_ENABLE_OBJC_WEAK = YES;
				CLANG_WARN_BLOCK_CAPTURE_AUTORELEASING = YES;
				CLANG_WARN_BOOL_CONVERSION = YES;
				CLANG_WARN_COMMA = YES;
				CLANG_WARN_CONSTANT_CONVERSION = YES;
				CLANG_WARN_DEPRECATED_OBJC_IMPLEMENTATIONS = YES;
				CLANG_WARN_DIRECT_OBJC_ISA_USAGE = YES_ERROR;
				CLANG_WARN_DOCUMENTATION_COMMENTS = YES;
				CLANG_WARN_EMPTY_BODY = YES;
				CLANG_WARN_ENUM_CONVERSION = YES;
				CLANG_WARN_INFINITE_RECURSION = YES;
				CLANG_WARN_INT_CONVERSION = YES;
				CLANG_WARN_NON_LITERAL_NULL_CONVERSION = YES;
				CLANG_WARN_OBJC_IMPLICIT_RETAIN_SELF = YES;
				CLANG_WARN_OBJC_LITERAL_CONVERSION = YES;
				CLANG_WARN_OBJC_ROOT_CLASS = YES_ERROR;
				CLANG_WARN_QUOTED_INCLUDE_IN_FRAMEWORK_HEADER = YES;
				CLANG_WARN_RANGE_LOOP_ANALYSIS = YES;
				CLANG_WARN_STRICT_PROTOTYPES = YES;
				CLANG_WARN_SUSPICIOUS_MOVE = YES;
				CLANG_WARN_UNGUARDED_AVAILABILITY = YES_AGGRESSIVE;
				CLANG_WARN_UNREACHABLE_CODE = YES;
				CLANG_WARN__DUPLICATE_METHOD_MATCH = YES;
				COPY_PHASE_STRIP = NO;
				DEBUG_INFORMATION_FORMAT = dwarf;
				ENABLE_STRICT_OBJC_MSGSEND = YES;
				ENABLE_TESTABILITY = YES;
				GCC_C_LANGUAGE_STANDARD = gnu11;
				GCC_DYNAMIC_NO_PIC = NO;
				GCC_NO_COMMON_BLOCKS = YES;
				GCC_OPTIMIZATION_LEVEL = 0;
				GCC_PREPROCESSOR_DEFINITIONS = (
					"DEBUG=1",
					"$(inherited)",
				);
				GCC_WARN_64_TO_32_BIT_CONVERSION = YES;
				GCC_WARN_ABOUT_RETURN_TYPE = YES_ERROR;
				GCC_WARN_UNDECLARED_SELECTOR = YES;
				GCC_WARN_UNINITIALIZED_AUTOS = YES_AGGRESSIVE;
				GCC_WARN_UNUSED_FUNCTION = YES;
				GCC_WARN_UNUSED_VARIABLE = YES;
				IPHONEOS_DEPLOYMENT_TARGET = 16.4;
				MTL_ENABLE_DEBUG_INFO = INCLUDE_SOURCE;
				MTL_FAST_MATH = YES;
				ONLY_ACTIVE_ARCH = YES;
				SDKROOT = iphoneos;
				SWIFT_ACTIVE_COMPILATION_CONDITIONS = DEBUG;
				SWIFT_OPTIMIZATION_LEVEL = "-Onone";
			};
			name = Debug;
		};
		4DF1A6832AB8C91500E9D399 /* Release */ = {
			isa = XCBuildConfiguration;
			buildSettings = {
				ALWAYS_SEARCH_USER_PATHS = NO;
				CLANG_ANALYZER_NONNULL = YES;
				CLANG_ANALYZER_NUMBER_OBJECT_CONVERSION = YES_AGGRESSIVE;
				CLANG_CXX_LANGUAGE_STANDARD = "gnu++20";
				CLANG_ENABLE_MODULES = YES;
				CLANG_ENABLE_OBJC_ARC = YES;
				CLANG_ENABLE_OBJC_WEAK = YES;
				CLANG_WARN_BLOCK_CAPTURE_AUTORELEASING = YES;
				CLANG_WARN_BOOL_CONVERSION = YES;
				CLANG_WARN_COMMA = YES;
				CLANG_WARN_CONSTANT_CONVERSION = YES;
				CLANG_WARN_DEPRECATED_OBJC_IMPLEMENTATIONS = YES;
				CLANG_WARN_DIRECT_OBJC_ISA_USAGE = YES_ERROR;
				CLANG_WARN_DOCUMENTATION_COMMENTS = YES;
				CLANG_WARN_EMPTY_BODY = YES;
				CLANG_WARN_ENUM_CONVERSION = YES;
				CLANG_WARN_INFINITE_RECURSION = YES;
				CLANG_WARN_INT_CONVERSION = YES;
				CLANG_WARN_NON_LITERAL_NULL_CONVERSION = YES;
				CLANG_WARN_OBJC_IMPLICIT_RETAIN_SELF = YES;
				CLANG_WARN_OBJC_LITERAL_CONVERSION = YES;
				CLANG_WARN_OBJC_ROOT_CLASS = YES_ERROR;
				CLANG_WARN_QUOTED_INCLUDE_IN_FRAMEWORK_HEADER = YES;
				CLANG_WARN_RANGE_LOOP_ANALYSIS = YES;
				CLANG_WARN_STRICT_PROTOTYPES = YES;
				CLANG_WARN_SUSPICIOUS_MOVE = YES;
				CLANG_WARN_UNGUARDED_AVAILABILITY = YES_AGGRESSIVE;
				CLANG_WARN_UNREACHABLE_CODE = YES;
				CLANG_WARN__DUPLICATE_METHOD_MATCH = YES;
				COPY_PHASE_STRIP = NO;
				DEBUG_INFORMATION_FORMAT = "dwarf-with-dsym";
				ENABLE_NS_ASSERTIONS = NO;
				ENABLE_STRICT_OBJC_MSGSEND = YES;
				GCC_C_LANGUAGE_STANDARD = gnu11;
				GCC_NO_COMMON_BLOCKS = YES;
				GCC_WARN_64_TO_32_BIT_CONVERSION = YES;
				GCC_WARN_ABOUT_RETURN_TYPE = YES_ERROR;
				GCC_WARN_UNDECLARED_SELECTOR = YES;
				GCC_WARN_UNINITIALIZED_AUTOS = YES_AGGRESSIVE;
				GCC_WARN_UNUSED_FUNCTION = YES;
				GCC_WARN_UNUSED_VARIABLE = YES;
				IPHONEOS_DEPLOYMENT_TARGET = 16.4;
				MTL_ENABLE_DEBUG_INFO = NO;
				MTL_FAST_MATH = YES;
				SDKROOT = iphoneos;
				SWIFT_COMPILATION_MODE = wholemodule;
				SWIFT_OPTIMIZATION_LEVEL = "-O";
				VALIDATE_PRODUCT = YES;
			};
			name = Release;
		};
		4DF1A6852AB8C91500E9D399 /* Debug */ = {
			isa = XCBuildConfiguration;
			buildSettings = {
				ASSETCATALOG_COMPILER_APPICON_NAME = AppIcon;
				ASSETCATALOG_COMPILER_GLOBAL_ACCENT_COLOR_NAME = AccentColor;
				CODE_SIGN_STYLE = Automatic;
				CURRENT_PROJECT_VERSION = 1;
				DEVELOPMENT_ASSET_PATHS = "\"ExperenemtSwiftUI/Preview Content\"";
				DEVELOPMENT_TEAM = VC74QLS5AT;
				ENABLE_PREVIEWS = YES;
				GENERATE_INFOPLIST_FILE = YES;
				INFOPLIST_KEY_NSPhotoLibraryAddUsageDescription = " We wont to save yuor filtred photo.";
				INFOPLIST_KEY_UIApplicationSceneManifest_Generation = YES;
				INFOPLIST_KEY_UIApplicationSupportsIndirectInputEvents = YES;
				INFOPLIST_KEY_UILaunchScreen_Generation = YES;
				INFOPLIST_KEY_UISupportedInterfaceOrientations_iPad = "UIInterfaceOrientationPortrait UIInterfaceOrientationPortraitUpsideDown UIInterfaceOrientationLandscapeLeft UIInterfaceOrientationLandscapeRight";
				INFOPLIST_KEY_UISupportedInterfaceOrientations_iPhone = "UIInterfaceOrientationPortrait UIInterfaceOrientationLandscapeLeft UIInterfaceOrientationLandscapeRight";
				LD_RUNPATH_SEARCH_PATHS = (
					"$(inherited)",
					"@executable_path/Frameworks",
				);
				MARKETING_VERSION = 1.0;
				PRODUCT_BUNDLE_IDENTIFIER = com.my.ValeriaDementyeva.ExperenemtSwiftUI;
				PRODUCT_NAME = "$(TARGET_NAME)";
				SWIFT_EMIT_LOC_STRINGS = YES;
				SWIFT_VERSION = 5.0;
				TARGETED_DEVICE_FAMILY = "1,2";
			};
			name = Debug;
		};
		4DF1A6862AB8C91500E9D399 /* Release */ = {
			isa = XCBuildConfiguration;
			buildSettings = {
				ASSETCATALOG_COMPILER_APPICON_NAME = AppIcon;
				ASSETCATALOG_COMPILER_GLOBAL_ACCENT_COLOR_NAME = AccentColor;
				CODE_SIGN_STYLE = Automatic;
				CURRENT_PROJECT_VERSION = 1;
				DEVELOPMENT_ASSET_PATHS = "\"ExperenemtSwiftUI/Preview Content\"";
				DEVELOPMENT_TEAM = VC74QLS5AT;
				ENABLE_PREVIEWS = YES;
				GENERATE_INFOPLIST_FILE = YES;
				INFOPLIST_KEY_NSPhotoLibraryAddUsageDescription = " We wont to save yuor filtred photo.";
				INFOPLIST_KEY_UIApplicationSceneManifest_Generation = YES;
				INFOPLIST_KEY_UIApplicationSupportsIndirectInputEvents = YES;
				INFOPLIST_KEY_UILaunchScreen_Generation = YES;
				INFOPLIST_KEY_UISupportedInterfaceOrientations_iPad = "UIInterfaceOrientationPortrait UIInterfaceOrientationPortraitUpsideDown UIInterfaceOrientationLandscapeLeft UIInterfaceOrientationLandscapeRight";
				INFOPLIST_KEY_UISupportedInterfaceOrientations_iPhone = "UIInterfaceOrientationPortrait UIInterfaceOrientationLandscapeLeft UIInterfaceOrientationLandscapeRight";
				LD_RUNPATH_SEARCH_PATHS = (
					"$(inherited)",
					"@executable_path/Frameworks",
				);
				MARKETING_VERSION = 1.0;
				PRODUCT_BUNDLE_IDENTIFIER = com.my.ValeriaDementyeva.ExperenemtSwiftUI;
				PRODUCT_NAME = "$(TARGET_NAME)";
				SWIFT_EMIT_LOC_STRINGS = YES;
				SWIFT_VERSION = 5.0;
				TARGETED_DEVICE_FAMILY = "1,2";
			};
			name = Release;
		};
/* End XCBuildConfiguration section */

/* Begin XCConfigurationList section */
		4DF1A6712AB8C91400E9D399 /* Build configuration list for PBXProject "ExperenemtSwiftUI" */ = {
			isa = XCConfigurationList;
			buildConfigurations = (
				4DF1A6822AB8C91500E9D399 /* Debug */,
				4DF1A6832AB8C91500E9D399 /* Release */,
			);
			defaultConfigurationIsVisible = 0;
			defaultConfigurationName = Release;
		};
		4DF1A6842AB8C91500E9D399 /* Build configuration list for PBXNativeTarget "ExperenemtSwiftUI" */ = {
			isa = XCConfigurationList;
			buildConfigurations = (
				4DF1A6852AB8C91500E9D399 /* Debug */,
				4DF1A6862AB8C91500E9D399 /* Release */,
			);
			defaultConfigurationIsVisible = 0;
			defaultConfigurationName = Release;
		};
/* End XCConfigurationList section */

/* Begin XCVersionGroup section */
		4D59B8DA2AC2E926002A00B6 /* Experement26.xcdatamodeld */ = {
			isa = XCVersionGroup;
			children = (
				4D59B8DB2AC2E926002A00B6 /* Experement26.xcdatamodel */,
			);
			currentVersion = 4D59B8DB2AC2E926002A00B6 /* Experement26.xcdatamodel */;
			path = Experement26.xcdatamodeld;
			sourceTree = "<group>";
			versionGroupType = wrapper.xcdatamodel;
		};
		4DF1A6D02ABC87F600E9D399 /* Bookworm1.xcdatamodeld */ = {
			isa = XCVersionGroup;
			children = (
				4DF1A6D12ABC87F600E9D399 /* Bookworm.xcdatamodel */,
			);
			currentVersion = 4DF1A6D12ABC87F600E9D399 /* Bookworm.xcdatamodel */;
			path = Bookworm1.xcdatamodeld;
			sourceTree = "<group>";
			versionGroupType = wrapper.xcdatamodel;
		};
		4DF1A6E02ABC8CE600E9D399 /* Bookworm.xcdatamodeld */ = {
			isa = XCVersionGroup;
			children = (
				4DF1A6E12ABC8CE600E9D399 /* Bookworm.xcdatamodel */,
			);
			currentVersion = 4DF1A6E12ABC8CE600E9D399 /* Bookworm.xcdatamodel */;
			path = Bookworm.xcdatamodeld;
			sourceTree = "<group>";
			versionGroupType = wrapper.xcdatamodel;
		};
		4DF1A6F02AC19AA300E9D399 /* Experement23.xcdatamodeld */ = {
			isa = XCVersionGroup;
			children = (
				4DF1A6F12AC19AA300E9D399 /* Experement23.xcdatamodel */,
			);
			currentVersion = 4DF1A6F12AC19AA300E9D399 /* Experement23.xcdatamodel */;
			path = Experement23.xcdatamodeld;
			sourceTree = "<group>";
			versionGroupType = wrapper.xcdatamodel;
		};
		4DF1A7002AC1A9A900E9D399 /* Experement24.xcdatamodeld */ = {
			isa = XCVersionGroup;
			children = (
				4DF1A7012AC1A9A900E9D399 /* Experement24.xcdatamodel */,
			);
			currentVersion = 4DF1A7012AC1A9A900E9D399 /* Experement24.xcdatamodel */;
			path = Experement24.xcdatamodeld;
			sourceTree = "<group>";
			versionGroupType = wrapper.xcdatamodel;
		};
		4DF1A70C2AC1AF7900E9D399 /* Experement25.xcdatamodeld */ = {
			isa = XCVersionGroup;
			children = (
				4DF1A70D2AC1AF7900E9D399 /* Experement25.xcdatamodel */,
			);
			currentVersion = 4DF1A70D2AC1AF7900E9D399 /* Experement25.xcdatamodel */;
			path = Experement25.xcdatamodeld;
			sourceTree = "<group>";
			versionGroupType = wrapper.xcdatamodel;
		};
/* End XCVersionGroup section */
	};
	rootObject = 4DF1A66E2AB8C91400E9D399 /* Project object */;
}
